// !$*UTF8*$!
{
	archiveVersion = 1;
	classes = {
	};
	objectVersion = 56;
	objects = {

/* Begin PBXBuildFile section */
		671805AF2ADD87E9001650FC /* CustomLabel.swift in Sources */ = {isa = PBXBuildFile; fileRef = 671805AE2ADD87E9001650FC /* CustomLabel.swift */; };
		671805B12ADD8961001650FC /* CustomTextField.swift in Sources */ = {isa = PBXBuildFile; fileRef = 671805B02ADD8961001650FC /* CustomTextField.swift */; };
		671805B32ADD8C7D001650FC /* CustomStackView.swift in Sources */ = {isa = PBXBuildFile; fileRef = 671805B22ADD8C7D001650FC /* CustomStackView.swift */; };
		671824F42B1E6A1700645936 /* CustomLayoutSection.swift in Sources */ = {isa = PBXBuildFile; fileRef = 671824F32B1E6A1700645936 /* CustomLayoutSection.swift */; };
		676C3C6A2AE31E6300D5795D /* AllGroupsViewController.swift in Sources */ = {isa = PBXBuildFile; fileRef = 676C3C692AE31E6300D5795D /* AllGroupsViewController.swift */; };
		676C3C6C2AE3265300D5795D /* GifWithTextCell.swift in Sources */ = {isa = PBXBuildFile; fileRef = 676C3C6B2AE3265300D5795D /* GifWithTextCell.swift */; };
		676C3C702AE4195900D5795D /* GifModel.swift in Sources */ = {isa = PBXBuildFile; fileRef = 676C3C6F2AE4195900D5795D /* GifModel.swift */; };
		676C3C732AE4447B00D5795D /* SectionsHeader.swift in Sources */ = {isa = PBXBuildFile; fileRef = 676C3C722AE4447B00D5795D /* SectionsHeader.swift */; };
		676C3C752AE459D700D5795D /* GroupGifCell.swift in Sources */ = {isa = PBXBuildFile; fileRef = 676C3C742AE459D700D5795D /* GroupGifCell.swift */; };
		676C3C782AEC2C7F00D5795D /* GroupViewController.swift in Sources */ = {isa = PBXBuildFile; fileRef = 676C3C772AEC2C7F00D5795D /* GroupViewController.swift */; };
		677DE65C2B07A509006A957F /* SettingsCell.swift in Sources */ = {isa = PBXBuildFile; fileRef = 677DE65B2B07A509006A957F /* SettingsCell.swift */; };
		6795E4002ADE6E3600520FE3 /* UIColor+Extensions.swift in Sources */ = {isa = PBXBuildFile; fileRef = 6795E3FF2ADE6E3600520FE3 /* UIColor+Extensions.swift */; };
		67C707082AD9A76A009EF2C1 /* DetailGifViewController.swift in Sources */ = {isa = PBXBuildFile; fileRef = 67C707072AD9A76A009EF2C1 /* DetailGifViewController.swift */; };
		67C7070B2AD9D653009EF2C1 /* CustomButton.swift in Sources */ = {isa = PBXBuildFile; fileRef = 67C7070A2AD9D653009EF2C1 /* CustomButton.swift */; };
		67C8FAED2AFD4A37007D59D7 /* SettingsViewController.swift in Sources */ = {isa = PBXBuildFile; fileRef = 67C8FAEC2AFD4A37007D59D7 /* SettingsViewController.swift */; };
		67DB929F2AD2F9B100497B80 /* AppDelegate.swift in Sources */ = {isa = PBXBuildFile; fileRef = 67DB929E2AD2F9B100497B80 /* AppDelegate.swift */; };
		67DB92A12AD2F9B100497B80 /* SceneDelegate.swift in Sources */ = {isa = PBXBuildFile; fileRef = 67DB92A02AD2F9B100497B80 /* SceneDelegate.swift */; };
		67DB92A82AD2F9B200497B80 /* Assets.xcassets in Resources */ = {isa = PBXBuildFile; fileRef = 67DB92A72AD2F9B200497B80 /* Assets.xcassets */; };
		67DB92AB2AD2F9B200497B80 /* LaunchScreen.storyboard in Resources */ = {isa = PBXBuildFile; fileRef = 67DB92A92AD2F9B200497B80 /* LaunchScreen.storyboard */; };
		F3171C442AE16610002B694C /* FavoriteGifCoverCell.swift in Sources */ = {isa = PBXBuildFile; fileRef = F3171C432AE16610002B694C /* FavoriteGifCoverCell.swift */; };
		F3171C482AE3A6B0002B694C /* FavoriteHeader.swift in Sources */ = {isa = PBXBuildFile; fileRef = F3171C472AE3A6B0002B694C /* FavoriteHeader.swift */; };
		F329CDDE2AEA596600655333 /* EditGroupViewController.swift in Sources */ = {isa = PBXBuildFile; fileRef = F329CDDD2AEA596600655333 /* EditGroupViewController.swift */; };
		F3820B292AE147B700C83C3E /* FavoriteGroupsViewController.swift in Sources */ = {isa = PBXBuildFile; fileRef = F3820B282AE147B700C83C3E /* FavoriteGroupsViewController.swift */; };
		F3AA84342AD7E1B60062CE7E /* TabBarController.swift in Sources */ = {isa = PBXBuildFile; fileRef = F3AA84332AD7E1B60062CE7E /* TabBarController.swift */; };
		F3AA84372AD7E2CA0062CE7E /* GifGroupsViewController.swift in Sources */ = {isa = PBXBuildFile; fileRef = F3AA84362AD7E2CA0062CE7E /* GifGroupsViewController.swift */; };
		F3AA84392AD7E3700062CE7E /* SearchViewController.swift in Sources */ = {isa = PBXBuildFile; fileRef = F3AA84382AD7E3700062CE7E /* SearchViewController.swift */; };
		F3AA843E2AD806F40062CE7E /* GifCoverCell.swift in Sources */ = {isa = PBXBuildFile; fileRef = F3AA843D2AD806F40062CE7E /* GifCoverCell.swift */; };
		F3AA84422AD81AB00062CE7E /* SnapKit in Frameworks */ = {isa = PBXBuildFile; productRef = F3AA84412AD81AB00062CE7E /* SnapKit */; };
		F3CB03E72AFE8C77002A2713 /* NetworkAPI.swift in Sources */ = {isa = PBXBuildFile; fileRef = F3CB03E62AFE8C77002A2713 /* NetworkAPI.swift */; };
		F3CB03E92AFE8CC2002A2713 /* NetworkError.swift in Sources */ = {isa = PBXBuildFile; fileRef = F3CB03E82AFE8CC2002A2713 /* NetworkError.swift */; };
		F3D855422AFB6E8800A41F52 /* NetworkManager.swift in Sources */ = {isa = PBXBuildFile; fileRef = F3D855412AFB6E8800A41F52 /* NetworkManager.swift */; };
		F3D855452AFB6F1400A41F52 /* Alamofire in Frameworks */ = {isa = PBXBuildFile; productRef = F3D855442AFB6F1400A41F52 /* Alamofire */; };
		F3D855772AFE41C000A41F52 /* Gifs.swift in Sources */ = {isa = PBXBuildFile; fileRef = F3D855762AFE41C000A41F52 /* Gifs.swift */; };
		F3D8557A2AFE437300A41F52 /* Image.swift in Sources */ = {isa = PBXBuildFile; fileRef = F3D855792AFE437300A41F52 /* Image.swift */; };
		F3D8557C2AFE43A300A41F52 /* Pagination.swift in Sources */ = {isa = PBXBuildFile; fileRef = F3D8557B2AFE43A300A41F52 /* Pagination.swift */; };
		F3FC89392AD9AA1A00C5E322 /* LoginViewController.swift in Sources */ = {isa = PBXBuildFile; fileRef = F3FC89382AD9AA1A00C5E322 /* LoginViewController.swift */; };
/* End PBXBuildFile section */

/* Begin PBXFileReference section */
		671805AE2ADD87E9001650FC /* CustomLabel.swift */ = {isa = PBXFileReference; lastKnownFileType = sourcecode.swift; path = CustomLabel.swift; sourceTree = "<group>"; };
		671805B02ADD8961001650FC /* CustomTextField.swift */ = {isa = PBXFileReference; lastKnownFileType = sourcecode.swift; path = CustomTextField.swift; sourceTree = "<group>"; };
		671805B22ADD8C7D001650FC /* CustomStackView.swift */ = {isa = PBXFileReference; lastKnownFileType = sourcecode.swift; path = CustomStackView.swift; sourceTree = "<group>"; };
		671824F32B1E6A1700645936 /* CustomLayoutSection.swift */ = {isa = PBXFileReference; lastKnownFileType = sourcecode.swift; path = CustomLayoutSection.swift; sourceTree = "<group>"; };
		676C3C692AE31E6300D5795D /* AllGroupsViewController.swift */ = {isa = PBXFileReference; lastKnownFileType = sourcecode.swift; path = AllGroupsViewController.swift; sourceTree = "<group>"; };
		676C3C6B2AE3265300D5795D /* GifWithTextCell.swift */ = {isa = PBXFileReference; lastKnownFileType = sourcecode.swift; path = GifWithTextCell.swift; sourceTree = "<group>"; };
		676C3C6F2AE4195900D5795D /* GifModel.swift */ = {isa = PBXFileReference; lastKnownFileType = sourcecode.swift; path = GifModel.swift; sourceTree = "<group>"; };
		676C3C722AE4447B00D5795D /* SectionsHeader.swift */ = {isa = PBXFileReference; lastKnownFileType = sourcecode.swift; path = SectionsHeader.swift; sourceTree = "<group>"; };
		676C3C742AE459D700D5795D /* GroupGifCell.swift */ = {isa = PBXFileReference; lastKnownFileType = sourcecode.swift; path = GroupGifCell.swift; sourceTree = "<group>"; };
		676C3C772AEC2C7F00D5795D /* GroupViewController.swift */ = {isa = PBXFileReference; lastKnownFileType = sourcecode.swift; path = GroupViewController.swift; sourceTree = "<group>"; };
		677DE65B2B07A509006A957F /* SettingsCell.swift */ = {isa = PBXFileReference; lastKnownFileType = sourcecode.swift; path = SettingsCell.swift; sourceTree = "<group>"; };
		6795E3FF2ADE6E3600520FE3 /* UIColor+Extensions.swift */ = {isa = PBXFileReference; lastKnownFileType = sourcecode.swift; path = "UIColor+Extensions.swift"; sourceTree = "<group>"; };
		67C707072AD9A76A009EF2C1 /* DetailGifViewController.swift */ = {isa = PBXFileReference; lastKnownFileType = sourcecode.swift; path = DetailGifViewController.swift; sourceTree = "<group>"; };
		67C7070A2AD9D653009EF2C1 /* CustomButton.swift */ = {isa = PBXFileReference; lastKnownFileType = sourcecode.swift; path = CustomButton.swift; sourceTree = "<group>"; };
		67C8FAEC2AFD4A37007D59D7 /* SettingsViewController.swift */ = {isa = PBXFileReference; lastKnownFileType = sourcecode.swift; path = SettingsViewController.swift; sourceTree = "<group>"; };
		67DB929B2AD2F9B100497B80 /* GIFKeeper.app */ = {isa = PBXFileReference; explicitFileType = wrapper.application; includeInIndex = 0; path = GIFKeeper.app; sourceTree = BUILT_PRODUCTS_DIR; };
		67DB929E2AD2F9B100497B80 /* AppDelegate.swift */ = {isa = PBXFileReference; lastKnownFileType = sourcecode.swift; path = AppDelegate.swift; sourceTree = "<group>"; };
		67DB92A02AD2F9B100497B80 /* SceneDelegate.swift */ = {isa = PBXFileReference; lastKnownFileType = sourcecode.swift; path = SceneDelegate.swift; sourceTree = "<group>"; };
		67DB92A72AD2F9B200497B80 /* Assets.xcassets */ = {isa = PBXFileReference; lastKnownFileType = folder.assetcatalog; path = Assets.xcassets; sourceTree = "<group>"; };
		67DB92AA2AD2F9B200497B80 /* Base */ = {isa = PBXFileReference; lastKnownFileType = file.storyboard; name = Base; path = Base.lproj/LaunchScreen.storyboard; sourceTree = "<group>"; };
		67DB92AC2AD2F9B200497B80 /* Info.plist */ = {isa = PBXFileReference; lastKnownFileType = text.plist.xml; path = Info.plist; sourceTree = "<group>"; };
		F3171C432AE16610002B694C /* FavoriteGifCoverCell.swift */ = {isa = PBXFileReference; lastKnownFileType = sourcecode.swift; path = FavoriteGifCoverCell.swift; sourceTree = "<group>"; };
		F3171C472AE3A6B0002B694C /* FavoriteHeader.swift */ = {isa = PBXFileReference; lastKnownFileType = sourcecode.swift; path = FavoriteHeader.swift; sourceTree = "<group>"; };
		F329CDDD2AEA596600655333 /* EditGroupViewController.swift */ = {isa = PBXFileReference; lastKnownFileType = sourcecode.swift; path = EditGroupViewController.swift; sourceTree = "<group>"; };
		F3820B282AE147B700C83C3E /* FavoriteGroupsViewController.swift */ = {isa = PBXFileReference; lastKnownFileType = sourcecode.swift; path = FavoriteGroupsViewController.swift; sourceTree = "<group>"; };
		F3AA84332AD7E1B60062CE7E /* TabBarController.swift */ = {isa = PBXFileReference; lastKnownFileType = sourcecode.swift; path = TabBarController.swift; sourceTree = "<group>"; };
		F3AA84362AD7E2CA0062CE7E /* GifGroupsViewController.swift */ = {isa = PBXFileReference; lastKnownFileType = sourcecode.swift; path = GifGroupsViewController.swift; sourceTree = "<group>"; };
		F3AA84382AD7E3700062CE7E /* SearchViewController.swift */ = {isa = PBXFileReference; lastKnownFileType = sourcecode.swift; path = SearchViewController.swift; sourceTree = "<group>"; };
		F3AA843D2AD806F40062CE7E /* GifCoverCell.swift */ = {isa = PBXFileReference; lastKnownFileType = sourcecode.swift; path = GifCoverCell.swift; sourceTree = "<group>"; };
		F3CB03E62AFE8C77002A2713 /* NetworkAPI.swift */ = {isa = PBXFileReference; lastKnownFileType = sourcecode.swift; path = NetworkAPI.swift; sourceTree = "<group>"; };
		F3CB03E82AFE8CC2002A2713 /* NetworkError.swift */ = {isa = PBXFileReference; lastKnownFileType = sourcecode.swift; path = NetworkError.swift; sourceTree = "<group>"; };
		F3D855412AFB6E8800A41F52 /* NetworkManager.swift */ = {isa = PBXFileReference; lastKnownFileType = sourcecode.swift; path = NetworkManager.swift; sourceTree = "<group>"; };
		F3D855762AFE41C000A41F52 /* Gifs.swift */ = {isa = PBXFileReference; lastKnownFileType = sourcecode.swift; path = Gifs.swift; sourceTree = "<group>"; };
		F3D855792AFE437300A41F52 /* Image.swift */ = {isa = PBXFileReference; lastKnownFileType = sourcecode.swift; path = Image.swift; sourceTree = "<group>"; };
		F3D8557B2AFE43A300A41F52 /* Pagination.swift */ = {isa = PBXFileReference; lastKnownFileType = sourcecode.swift; path = Pagination.swift; sourceTree = "<group>"; };
		F3FC89382AD9AA1A00C5E322 /* LoginViewController.swift */ = {isa = PBXFileReference; lastKnownFileType = sourcecode.swift; path = LoginViewController.swift; sourceTree = "<group>"; };
/* End PBXFileReference section */

/* Begin PBXFrameworksBuildPhase section */
		67DB92982AD2F9B100497B80 /* Frameworks */ = {
			isa = PBXFrameworksBuildPhase;
			buildActionMask = 2147483647;
			files = (
				F3AA84422AD81AB00062CE7E /* SnapKit in Frameworks */,
				F3D855452AFB6F1400A41F52 /* Alamofire in Frameworks */,
			);
			runOnlyForDeploymentPostprocessing = 0;
		};
/* End PBXFrameworksBuildPhase section */

/* Begin PBXGroup section */
		671805B42ADD9C41001650FC /* CustomsUIDetailVC */ = {
			isa = PBXGroup;
			children = (
				67C7070A2AD9D653009EF2C1 /* CustomButton.swift */,
				671805AE2ADD87E9001650FC /* CustomLabel.swift */,
				671805B22ADD8C7D001650FC /* CustomStackView.swift */,
				671805B02ADD8961001650FC /* CustomTextField.swift */,
			);
			path = CustomsUIDetailVC;
			sourceTree = "<group>";
		};
		671824F22B1E68F800645936 /* CustomUI */ = {
			isa = PBXGroup;
			children = (
				671824F32B1E6A1700645936 /* CustomLayoutSection.swift */,
			);
			path = CustomUI;
			sourceTree = "<group>";
		};
		676C3C682AE31E2600D5795D /* AllGroupsVC */ = {
			isa = PBXGroup;
			children = (
				676C3C712AE4445B00D5795D /* Header */,
				676C3C6D2AE327CE00D5795D /* Cell */,
				676C3C692AE31E6300D5795D /* AllGroupsViewController.swift */,
			);
			path = AllGroupsVC;
			sourceTree = "<group>";
		};
		676C3C6D2AE327CE00D5795D /* Cell */ = {
			isa = PBXGroup;
			children = (
				676C3C6B2AE3265300D5795D /* GifWithTextCell.swift */,
				676C3C742AE459D700D5795D /* GroupGifCell.swift */,
			);
			path = Cell;
			sourceTree = "<group>";
		};
		676C3C6E2AE4192200D5795D /* Models */ = {
			isa = PBXGroup;
			children = (
				676C3C6F2AE4195900D5795D /* GifModel.swift */,
				F3D855782AFE432B00A41F52 /* Gifs */,
			);
			path = Models;
			sourceTree = "<group>";
		};
		676C3C712AE4445B00D5795D /* Header */ = {
			isa = PBXGroup;
			children = (
				676C3C722AE4447B00D5795D /* SectionsHeader.swift */,
			);
			path = Header;
			sourceTree = "<group>";
		};
		676C3C762AEC2C5200D5795D /* GroupVC */ = {
			isa = PBXGroup;
			children = (
				676C3C772AEC2C7F00D5795D /* GroupViewController.swift */,
			);
			path = GroupVC;
			sourceTree = "<group>";
		};
		6795E3FE2ADE6D2C00520FE3 /* Extensions */ = {
			isa = PBXGroup;
			children = (
				6795E3FF2ADE6E3600520FE3 /* UIColor+Extensions.swift */,
			);
			path = Extensions;
			sourceTree = "<group>";
		};
		67C707062AD9A736009EF2C1 /* DetailVC */ = {
			isa = PBXGroup;
			children = (
				671805B42ADD9C41001650FC /* CustomsUIDetailVC */,
				67C707072AD9A76A009EF2C1 /* DetailGifViewController.swift */,
				F329CDDD2AEA596600655333 /* EditGroupViewController.swift */,
			);
			path = DetailVC;
			sourceTree = "<group>";
		};
		67C8FAEB2AFD49DC007D59D7 /* Settings */ = {
			isa = PBXGroup;
			children = (
				67C8FAEE2AFD4C8D007D59D7 /* Cell */,
				67C8FAEC2AFD4A37007D59D7 /* SettingsViewController.swift */,
			);
			path = Settings;
			sourceTree = "<group>";
		};
		67C8FAEE2AFD4C8D007D59D7 /* Cell */ = {
			isa = PBXGroup;
			children = (
				677DE65B2B07A509006A957F /* SettingsCell.swift */,
			);
			path = Cell;
			sourceTree = "<group>";
		};
		67DB92922AD2F9B100497B80 = {
			isa = PBXGroup;
			children = (
				67DB929D2AD2F9B100497B80 /* GIFKeeper */,
				67DB929C2AD2F9B100497B80 /* Products */,
			);
			sourceTree = "<group>";
		};
		67DB929C2AD2F9B100497B80 /* Products */ = {
			isa = PBXGroup;
			children = (
				67DB929B2AD2F9B100497B80 /* GIFKeeper.app */,
			);
			name = Products;
			sourceTree = "<group>";
		};
		67DB929D2AD2F9B100497B80 /* GIFKeeper */ = {
			isa = PBXGroup;
			children = (
				F3AA84302AD7DBB70062CE7E /* Sources */,
				F3AA84322AD7DBDB0062CE7E /* Resources */,
			);
			path = GIFKeeper;
			sourceTree = "<group>";
		};
		F3171C452AE16619002B694C /* Cell */ = {
			isa = PBXGroup;
			children = (
				F3171C432AE16610002B694C /* FavoriteGifCoverCell.swift */,
			);
			path = Cell;
			sourceTree = "<group>";
		};
		F3171C462AE3A67C002B694C /* Header */ = {
			isa = PBXGroup;
			children = (
				F3171C472AE3A6B0002B694C /* FavoriteHeader.swift */,
			);
			path = Header;
			sourceTree = "<group>";
		};
		F3820B272AE1473400C83C3E /* FavoritesVC */ = {
			isa = PBXGroup;
			children = (
				F3171C462AE3A67C002B694C /* Header */,
				F3171C452AE16619002B694C /* Cell */,
				F3820B282AE147B700C83C3E /* FavoriteGroupsViewController.swift */,
			);
			path = FavoritesVC;
			sourceTree = "<group>";
		};
		F3AA842F2AD7DB8C0062CE7E /* App */ = {
			isa = PBXGroup;
			children = (
				67DB929E2AD2F9B100497B80 /* AppDelegate.swift */,
				67DB92A02AD2F9B100497B80 /* SceneDelegate.swift */,
			);
			path = App;
			sourceTree = "<group>";
		};
		F3AA84302AD7DBB70062CE7E /* Sources */ = {
			isa = PBXGroup;
			children = (
				F3AA842F2AD7DB8C0062CE7E /* App */,
				F3AA84352AD7E28E0062CE7E /* TabBar */,
				F3AA843A2AD7E3AF0062CE7E /* Scenes */,
				6795E3FE2ADE6D2C00520FE3 /* Extensions */,
				F3D855402AFB6E2F00A41F52 /* Services */,
				676C3C6E2AE4192200D5795D /* Models */,
			);
			path = Sources;
			sourceTree = "<group>";
		};
		F3AA84312AD7DBCC0062CE7E /* Configuration */ = {
			isa = PBXGroup;
			children = (
				67DB92AC2AD2F9B200497B80 /* Info.plist */,
			);
			path = Configuration;
			sourceTree = "<group>";
		};
		F3AA84322AD7DBDB0062CE7E /* Resources */ = {
			isa = PBXGroup;
			children = (
				67DB92A72AD2F9B200497B80 /* Assets.xcassets */,
				67DB92A92AD2F9B200497B80 /* LaunchScreen.storyboard */,
				F3AA84312AD7DBCC0062CE7E /* Configuration */,
			);
			path = Resources;
			sourceTree = "<group>";
		};
		F3AA84352AD7E28E0062CE7E /* TabBar */ = {
			isa = PBXGroup;
			children = (
				F3AA84332AD7E1B60062CE7E /* TabBarController.swift */,
			);
			path = TabBar;
			sourceTree = "<group>";
		};
		F3AA843A2AD7E3AF0062CE7E /* Scenes */ = {
			isa = PBXGroup;
			children = (
				676C3C762AEC2C5200D5795D /* GroupVC */,
				67C8FAEB2AFD49DC007D59D7 /* Settings */,
				67C707062AD9A736009EF2C1 /* DetailVC */,
				F3FC89372AD9A7BA00C5E322 /* LoginVC */,
				F3AA843B2AD802300062CE7E /* GroupsVC */,
				F3AA843C2AD802430062CE7E /* SearchVC */,
				676C3C682AE31E2600D5795D /* AllGroupsVC */,
				F3820B272AE1473400C83C3E /* FavoritesVC */,
				671824F22B1E68F800645936 /* CustomUI */,
			);
			path = Scenes;
			sourceTree = "<group>";
		};
		F3AA843B2AD802300062CE7E /* GroupsVC */ = {
			isa = PBXGroup;
			children = (
				F3AA84362AD7E2CA0062CE7E /* GifGroupsViewController.swift */,
			);
			path = GroupsVC;
			sourceTree = "<group>";
		};
		F3AA843C2AD802430062CE7E /* SearchVC */ = {
			isa = PBXGroup;
			children = (
				F3AA843F2AD806FD0062CE7E /* Cell */,
				F3AA84382AD7E3700062CE7E /* SearchViewController.swift */,
			);
			path = SearchVC;
			sourceTree = "<group>";
		};
		F3AA843F2AD806FD0062CE7E /* Cell */ = {
			isa = PBXGroup;
			children = (
				F3AA843D2AD806F40062CE7E /* GifCoverCell.swift */,
			);
			path = Cell;
			sourceTree = "<group>";
		};
		F3CB03E52AFE8C3D002A2713 /* Networking */ = {
			isa = PBXGroup;
			children = (
				F3CB03E62AFE8C77002A2713 /* NetworkAPI.swift */,
				F3CB03E82AFE8CC2002A2713 /* NetworkError.swift */,
				F3D855412AFB6E8800A41F52 /* NetworkManager.swift */,
			);
			path = Networking;
			sourceTree = "<group>";
		};
		F3D855402AFB6E2F00A41F52 /* Services */ = {
			isa = PBXGroup;
			children = (
				F3CB03E52AFE8C3D002A2713 /* Networking */,
			);
			path = Services;
			sourceTree = "<group>";
		};
		F3D855782AFE432B00A41F52 /* Gifs */ = {
			isa = PBXGroup;
			children = (
				F3D855762AFE41C000A41F52 /* Gifs.swift */,
				F3D855792AFE437300A41F52 /* Image.swift */,
				F3D8557B2AFE43A300A41F52 /* Pagination.swift */,
			);
			path = Gifs;
			sourceTree = "<group>";
		};
		F3FC89372AD9A7BA00C5E322 /* LoginVC */ = {
			isa = PBXGroup;
			children = (
				F3FC89382AD9AA1A00C5E322 /* LoginViewController.swift */,
			);
			path = LoginVC;
			sourceTree = "<group>";
		};
/* End PBXGroup section */

/* Begin PBXNativeTarget section */
		67DB929A2AD2F9B100497B80 /* GIFKeeper */ = {
			isa = PBXNativeTarget;
			buildConfigurationList = 67DB92AF2AD2F9B200497B80 /* Build configuration list for PBXNativeTarget "GIFKeeper" */;
			buildPhases = (
				67DB92972AD2F9B100497B80 /* Sources */,
				67DB92982AD2F9B100497B80 /* Frameworks */,
				67DB92992AD2F9B100497B80 /* Resources */,
			);
			buildRules = (
			);
			dependencies = (
			);
			name = GIFKeeper;
			packageProductDependencies = (
				F3AA84412AD81AB00062CE7E /* SnapKit */,
				F3D855442AFB6F1400A41F52 /* Alamofire */,
			);
			productName = GIFCollection;
			productReference = 67DB929B2AD2F9B100497B80 /* GIFKeeper.app */;
			productType = "com.apple.product-type.application";
		};
/* End PBXNativeTarget section */

/* Begin PBXProject section */
		67DB92932AD2F9B100497B80 /* Project object */ = {
			isa = PBXProject;
			attributes = {
				BuildIndependentTargetsInParallel = 1;
				LastSwiftUpdateCheck = 1420;
				LastUpgradeCheck = 1500;
				TargetAttributes = {
					67DB929A2AD2F9B100497B80 = {
						CreatedOnToolsVersion = 14.2;
					};
				};
			};
			buildConfigurationList = 67DB92962AD2F9B100497B80 /* Build configuration list for PBXProject "GIFKeeper" */;
			compatibilityVersion = "Xcode 14.0";
			developmentRegion = en;
			hasScannedForEncodings = 0;
			knownRegions = (
				en,
				Base,
			);
			mainGroup = 67DB92922AD2F9B100497B80;
			packageReferences = (
				F3AA84402AD81AB00062CE7E /* XCRemoteSwiftPackageReference "SnapKit" */,
				F3D855432AFB6F1400A41F52 /* XCRemoteSwiftPackageReference "Alamofire" */,
			);
			productRefGroup = 67DB929C2AD2F9B100497B80 /* Products */;
			projectDirPath = "";
			projectRoot = "";
			targets = (
				67DB929A2AD2F9B100497B80 /* GIFKeeper */,
			);
		};
/* End PBXProject section */

/* Begin PBXResourcesBuildPhase section */
		67DB92992AD2F9B100497B80 /* Resources */ = {
			isa = PBXResourcesBuildPhase;
			buildActionMask = 2147483647;
			files = (
				67DB92AB2AD2F9B200497B80 /* LaunchScreen.storyboard in Resources */,
				67DB92A82AD2F9B200497B80 /* Assets.xcassets in Resources */,
			);
			runOnlyForDeploymentPostprocessing = 0;
		};
/* End PBXResourcesBuildPhase section */

/* Begin PBXSourcesBuildPhase section */
		67DB92972AD2F9B100497B80 /* Sources */ = {
			isa = PBXSourcesBuildPhase;
			buildActionMask = 2147483647;
			files = (
				676C3C702AE4195900D5795D /* GifModel.swift in Sources */,
				F3CB03E92AFE8CC2002A2713 /* NetworkError.swift in Sources */,
				676C3C732AE4447B00D5795D /* SectionsHeader.swift in Sources */,
				F3FC89392AD9AA1A00C5E322 /* LoginViewController.swift in Sources */,
				F3CB03E72AFE8C77002A2713 /* NetworkAPI.swift in Sources */,
				F3AA84392AD7E3700062CE7E /* SearchViewController.swift in Sources */,
				676C3C752AE459D700D5795D /* GroupGifCell.swift in Sources */,
				F3AA84342AD7E1B60062CE7E /* TabBarController.swift in Sources */,
				67C707082AD9A76A009EF2C1 /* DetailGifViewController.swift in Sources */,
				F3171C442AE16610002B694C /* FavoriteGifCoverCell.swift in Sources */,
				F3AA843E2AD806F40062CE7E /* GifCoverCell.swift in Sources */,
				F3AA84372AD7E2CA0062CE7E /* GifGroupsViewController.swift in Sources */,
				F329CDDE2AEA596600655333 /* EditGroupViewController.swift in Sources */,
				676C3C6A2AE31E6300D5795D /* AllGroupsViewController.swift in Sources */,
				F3D855422AFB6E8800A41F52 /* NetworkManager.swift in Sources */,
				67DB929F2AD2F9B100497B80 /* AppDelegate.swift in Sources */,
				F3171C482AE3A6B0002B694C /* FavoriteHeader.swift in Sources */,
				677DE65C2B07A509006A957F /* SettingsCell.swift in Sources */,
				F3D8557C2AFE43A300A41F52 /* Pagination.swift in Sources */,
				67DB92A12AD2F9B100497B80 /* SceneDelegate.swift in Sources */,
				676C3C782AEC2C7F00D5795D /* GroupViewController.swift in Sources */,
				F3820B292AE147B700C83C3E /* FavoriteGroupsViewController.swift in Sources */,
				6795E4002ADE6E3600520FE3 /* UIColor+Extensions.swift in Sources */,
				671824F42B1E6A1700645936 /* CustomLayoutSection.swift in Sources */,
				F3D8557A2AFE437300A41F52 /* Image.swift in Sources */,
				671805B32ADD8C7D001650FC /* CustomStackView.swift in Sources */,
				671805AF2ADD87E9001650FC /* CustomLabel.swift in Sources */,
				671805B12ADD8961001650FC /* CustomTextField.swift in Sources */,
				67C7070B2AD9D653009EF2C1 /* CustomButton.swift in Sources */,
				676C3C6C2AE3265300D5795D /* GifWithTextCell.swift in Sources */,
				67C8FAED2AFD4A37007D59D7 /* SettingsViewController.swift in Sources */,
				F3D855772AFE41C000A41F52 /* Gifs.swift in Sources */,
			);
			runOnlyForDeploymentPostprocessing = 0;
		};
/* End PBXSourcesBuildPhase section */

/* Begin PBXVariantGroup section */
		67DB92A92AD2F9B200497B80 /* LaunchScreen.storyboard */ = {
			isa = PBXVariantGroup;
			children = (
				67DB92AA2AD2F9B200497B80 /* Base */,
			);
			name = LaunchScreen.storyboard;
			sourceTree = "<group>";
		};
/* End PBXVariantGroup section */

/* Begin XCBuildConfiguration section */
		67DB92AD2AD2F9B200497B80 /* Debug */ = {
			isa = XCBuildConfiguration;
			buildSettings = {
				ALWAYS_SEARCH_USER_PATHS = NO;
				ASSETCATALOG_COMPILER_GENERATE_SWIFT_ASSET_SYMBOL_EXTENSIONS = YES;
				CLANG_ANALYZER_NONNULL = YES;
				CLANG_ANALYZER_NUMBER_OBJECT_CONVERSION = YES_AGGRESSIVE;
				CLANG_CXX_LANGUAGE_STANDARD = "gnu++20";
				CLANG_ENABLE_MODULES = YES;
				CLANG_ENABLE_OBJC_ARC = YES;
				CLANG_ENABLE_OBJC_WEAK = YES;
				CLANG_WARN_BLOCK_CAPTURE_AUTORELEASING = YES;
				CLANG_WARN_BOOL_CONVERSION = YES;
				CLANG_WARN_COMMA = YES;
				CLANG_WARN_CONSTANT_CONVERSION = YES;
				CLANG_WARN_DEPRECATED_OBJC_IMPLEMENTATIONS = YES;
				CLANG_WARN_DIRECT_OBJC_ISA_USAGE = YES_ERROR;
				CLANG_WARN_DOCUMENTATION_COMMENTS = YES;
				CLANG_WARN_EMPTY_BODY = YES;
				CLANG_WARN_ENUM_CONVERSION = YES;
				CLANG_WARN_INFINITE_RECURSION = YES;
				CLANG_WARN_INT_CONVERSION = YES;
				CLANG_WARN_NON_LITERAL_NULL_CONVERSION = YES;
				CLANG_WARN_OBJC_IMPLICIT_RETAIN_SELF = YES;
				CLANG_WARN_OBJC_LITERAL_CONVERSION = YES;
				CLANG_WARN_OBJC_ROOT_CLASS = YES_ERROR;
				CLANG_WARN_QUOTED_INCLUDE_IN_FRAMEWORK_HEADER = YES;
				CLANG_WARN_RANGE_LOOP_ANALYSIS = YES;
				CLANG_WARN_STRICT_PROTOTYPES = YES;
				CLANG_WARN_SUSPICIOUS_MOVE = YES;
				CLANG_WARN_UNGUARDED_AVAILABILITY = YES_AGGRESSIVE;
				CLANG_WARN_UNREACHABLE_CODE = YES;
				CLANG_WARN__DUPLICATE_METHOD_MATCH = YES;
				COPY_PHASE_STRIP = NO;
				DEBUG_INFORMATION_FORMAT = dwarf;
				ENABLE_STRICT_OBJC_MSGSEND = YES;
				ENABLE_TESTABILITY = YES;
				ENABLE_USER_SCRIPT_SANDBOXING = YES;
				GCC_C_LANGUAGE_STANDARD = gnu11;
				GCC_DYNAMIC_NO_PIC = NO;
				GCC_NO_COMMON_BLOCKS = YES;
				GCC_OPTIMIZATION_LEVEL = 0;
				GCC_PREPROCESSOR_DEFINITIONS = (
					"DEBUG=1",
					"$(inherited)",
				);
				GCC_WARN_64_TO_32_BIT_CONVERSION = YES;
				GCC_WARN_ABOUT_RETURN_TYPE = YES_ERROR;
				GCC_WARN_UNDECLARED_SELECTOR = YES;
				GCC_WARN_UNINITIALIZED_AUTOS = YES_AGGRESSIVE;
				GCC_WARN_UNUSED_FUNCTION = YES;
				GCC_WARN_UNUSED_VARIABLE = YES;
				IPHONEOS_DEPLOYMENT_TARGET = 16.2;
				MTL_ENABLE_DEBUG_INFO = INCLUDE_SOURCE;
				MTL_FAST_MATH = YES;
				ONLY_ACTIVE_ARCH = YES;
				SDKROOT = iphoneos;
				SWIFT_ACTIVE_COMPILATION_CONDITIONS = DEBUG;
				SWIFT_OPTIMIZATION_LEVEL = "-Onone";
			};
			name = Debug;
		};
		67DB92AE2AD2F9B200497B80 /* Release */ = {
			isa = XCBuildConfiguration;
			buildSettings = {
				ALWAYS_SEARCH_USER_PATHS = NO;
				ASSETCATALOG_COMPILER_GENERATE_SWIFT_ASSET_SYMBOL_EXTENSIONS = YES;
				CLANG_ANALYZER_NONNULL = YES;
				CLANG_ANALYZER_NUMBER_OBJECT_CONVERSION = YES_AGGRESSIVE;
				CLANG_CXX_LANGUAGE_STANDARD = "gnu++20";
				CLANG_ENABLE_MODULES = YES;
				CLANG_ENABLE_OBJC_ARC = YES;
				CLANG_ENABLE_OBJC_WEAK = YES;
				CLANG_WARN_BLOCK_CAPTURE_AUTORELEASING = YES;
				CLANG_WARN_BOOL_CONVERSION = YES;
				CLANG_WARN_COMMA = YES;
				CLANG_WARN_CONSTANT_CONVERSION = YES;
				CLANG_WARN_DEPRECATED_OBJC_IMPLEMENTATIONS = YES;
				CLANG_WARN_DIRECT_OBJC_ISA_USAGE = YES_ERROR;
				CLANG_WARN_DOCUMENTATION_COMMENTS = YES;
				CLANG_WARN_EMPTY_BODY = YES;
				CLANG_WARN_ENUM_CONVERSION = YES;
				CLANG_WARN_INFINITE_RECURSION = YES;
				CLANG_WARN_INT_CONVERSION = YES;
				CLANG_WARN_NON_LITERAL_NULL_CONVERSION = YES;
				CLANG_WARN_OBJC_IMPLICIT_RETAIN_SELF = YES;
				CLANG_WARN_OBJC_LITERAL_CONVERSION = YES;
				CLANG_WARN_OBJC_ROOT_CLASS = YES_ERROR;
				CLANG_WARN_QUOTED_INCLUDE_IN_FRAMEWORK_HEADER = YES;
				CLANG_WARN_RANGE_LOOP_ANALYSIS = YES;
				CLANG_WARN_STRICT_PROTOTYPES = YES;
				CLANG_WARN_SUSPICIOUS_MOVE = YES;
				CLANG_WARN_UNGUARDED_AVAILABILITY = YES_AGGRESSIVE;
				CLANG_WARN_UNREACHABLE_CODE = YES;
				CLANG_WARN__DUPLICATE_METHOD_MATCH = YES;
				COPY_PHASE_STRIP = NO;
				DEBUG_INFORMATION_FORMAT = "dwarf-with-dsym";
				ENABLE_NS_ASSERTIONS = NO;
				ENABLE_STRICT_OBJC_MSGSEND = YES;
				ENABLE_USER_SCRIPT_SANDBOXING = YES;
				GCC_C_LANGUAGE_STANDARD = gnu11;
				GCC_NO_COMMON_BLOCKS = YES;
				GCC_WARN_64_TO_32_BIT_CONVERSION = YES;
				GCC_WARN_ABOUT_RETURN_TYPE = YES_ERROR;
				GCC_WARN_UNDECLARED_SELECTOR = YES;
				GCC_WARN_UNINITIALIZED_AUTOS = YES_AGGRESSIVE;
				GCC_WARN_UNUSED_FUNCTION = YES;
				GCC_WARN_UNUSED_VARIABLE = YES;
				IPHONEOS_DEPLOYMENT_TARGET = 16.2;
				MTL_ENABLE_DEBUG_INFO = NO;
				MTL_FAST_MATH = YES;
				SDKROOT = iphoneos;
				SWIFT_COMPILATION_MODE = wholemodule;
				SWIFT_OPTIMIZATION_LEVEL = "-O";
				VALIDATE_PRODUCT = YES;
			};
			name = Release;
		};
		67DB92B02AD2F9B200497B80 /* Debug */ = {
			isa = XCBuildConfiguration;
			buildSettings = {
				ASSETCATALOG_COMPILER_APPICON_NAME = AppIcon;
				ASSETCATALOG_COMPILER_GLOBAL_ACCENT_COLOR_NAME = AccentColor;
				CODE_SIGN_STYLE = Automatic;
				CURRENT_PROJECT_VERSION = 1;
				DEVELOPMENT_TEAM = RD3BV5S34P;
				GENERATE_INFOPLIST_FILE = YES;
				INFOPLIST_FILE = GIFKeeper/Resources/Configuration/Info.plist;
				INFOPLIST_KEY_UIApplicationSupportsIndirectInputEvents = YES;
				INFOPLIST_KEY_UILaunchStoryboardName = LaunchScreen;
				INFOPLIST_KEY_UISupportedInterfaceOrientations = UIInterfaceOrientationPortrait;
				LD_RUNPATH_SEARCH_PATHS = (
					"$(inherited)",
					"@executable_path/Frameworks",
				);
				MARKETING_VERSION = 1.0;
				PRODUCT_BUNDLE_IDENTIFIER = "Dylan-Sanders.GIFCollection";
				PRODUCT_NAME = "$(TARGET_NAME)";
				SWIFT_EMIT_LOC_STRINGS = YES;
				SWIFT_VERSION = 5.0;
				TARGETED_DEVICE_FAMILY = "1,2";
			};
			name = Debug;
		};
		67DB92B12AD2F9B200497B80 /* Release */ = {
			isa = XCBuildConfiguration;
			buildSettings = {
				ASSETCATALOG_COMPILER_APPICON_NAME = AppIcon;
				ASSETCATALOG_COMPILER_GLOBAL_ACCENT_COLOR_NAME = AccentColor;
				CODE_SIGN_STYLE = Automatic;
				CURRENT_PROJECT_VERSION = 1;
				DEVELOPMENT_TEAM = RD3BV5S34P;
				GENERATE_INFOPLIST_FILE = YES;
				INFOPLIST_FILE = GIFKeeper/Resources/Configuration/Info.plist;
				INFOPLIST_KEY_UIApplicationSupportsIndirectInputEvents = YES;
				INFOPLIST_KEY_UILaunchStoryboardName = LaunchScreen;
				INFOPLIST_KEY_UISupportedInterfaceOrientations = UIInterfaceOrientationPortrait;
				LD_RUNPATH_SEARCH_PATHS = (
					"$(inherited)",
					"@executable_path/Frameworks",
				);
				MARKETING_VERSION = 1.0;
				PRODUCT_BUNDLE_IDENTIFIER = "Dylan-Sanders.GIFCollection";
				PRODUCT_NAME = "$(TARGET_NAME)";
				SWIFT_EMIT_LOC_STRINGS = YES;
				SWIFT_VERSION = 5.0;
				TARGETED_DEVICE_FAMILY = "1,2";
			};
			name = Release;
		};
/* End XCBuildConfiguration section */

/* Begin XCConfigurationList section */
		67DB92962AD2F9B100497B80 /* Build configuration list for PBXProject "GIFKeeper" */ = {
			isa = XCConfigurationList;
			buildConfigurations = (
				67DB92AD2AD2F9B200497B80 /* Debug */,
				67DB92AE2AD2F9B200497B80 /* Release */,
			);
			defaultConfigurationIsVisible = 0;
			defaultConfigurationName = Release;
		};
		67DB92AF2AD2F9B200497B80 /* Build configuration list for PBXNativeTarget "GIFKeeper" */ = {
			isa = XCConfigurationList;
			buildConfigurations = (
				67DB92B02AD2F9B200497B80 /* Debug */,
				67DB92B12AD2F9B200497B80 /* Release */,
			);
			defaultConfigurationIsVisible = 0;
			defaultConfigurationName = Release;
		};
/* End XCConfigurationList section */

/* Begin XCRemoteSwiftPackageReference section */
		F3AA84402AD81AB00062CE7E /* XCRemoteSwiftPackageReference "SnapKit" */ = {
			isa = XCRemoteSwiftPackageReference;
			repositoryURL = "https://github.com/SnapKit/SnapKit.git";
			requirement = {
				kind = upToNextMajorVersion;
				minimumVersion = 5.6.0;
			};
		};
		F3D855432AFB6F1400A41F52 /* XCRemoteSwiftPackageReference "Alamofire" */ = {
			isa = XCRemoteSwiftPackageReference;
			repositoryURL = "https://github.com/Alamofire/Alamofire.git";
			requirement = {
				kind = upToNextMajorVersion;
				minimumVersion = 5.8.1;
			};
		};
/* End XCRemoteSwiftPackageReference section */

/* Begin XCSwiftPackageProductDependency section */
		F3AA84412AD81AB00062CE7E /* SnapKit */ = {
			isa = XCSwiftPackageProductDependency;
			package = F3AA84402AD81AB00062CE7E /* XCRemoteSwiftPackageReference "SnapKit" */;
			productName = SnapKit;
		};
		F3D855442AFB6F1400A41F52 /* Alamofire */ = {
			isa = XCSwiftPackageProductDependency;
			package = F3D855432AFB6F1400A41F52 /* XCRemoteSwiftPackageReference "Alamofire" */;
			productName = Alamofire;
		};
/* End XCSwiftPackageProductDependency section */
	};
	rootObject = 67DB92932AD2F9B100497B80 /* Project object */;
}
